github.com/gohugoio/hugo-mod-jslibs/instantpage v0.5.1 h1:Aig+0MOPXiuQNZpnxOMS4uwUsnyq41JnQzGW4Gk3o7Y=
github.com/gohugoio/hugo-mod-jslibs/instantpage v0.5.1/go.mod h1:N4EUbbL7Cw4Yq+GHeK3MUSiOJQbzfuUFRyvBKvnVBR8=
github.com/hugoinaction/AcmeCommon v0.0.0-20220201175810-87390b83462d h1:fMTuPi1Xaqkk6wjTDan7Z1Lp6aIakZOCj8NlXfuOz8U=
github.com/hugoinaction/AcmeCommon v0.0.0-20220201175810-87390b83462d/go.mod h1:C9/TZoRRcat2ivTzO1tKCA7nGni/8PyFIlvNPr3vOo4=
github.com/hugoinaction/AcmeSupport v0.0.0-20220201175812-abfd2f9e63bb h1:/eD7Qha/pqYvcJClZxhEEL1dtfziO4OhFdJHs8GMLbQ=
github.com/hugoinaction/AcmeSupport v0.0.0-20220201175812-abfd2f9e63bb/go.mod h1:kGNexn9VmQvIar/+RG6cW2Q1daLa/QPwWCLLX/N7gNA=
github.com/hugoinaction/TermsAndPrivacy v0.0.0-20200223231951-1c7c1972007a h1:pJIHysSc7qVpIdVbVnRyqw27iApGv8ld7l5amtIKjdg=
github.com/hugoinaction/TermsAndPrivacy v0.0.0-20200223231951-1c7c1972007a/go.mod h1:SKLyKoQovP9Eq2onrKoJg9nk2ncwqv5T6li5aMsD4/Q=
github.com/hugoinaction/hugo-debug-utils v0.0.0-20220702145907-d1ee2aca7e2f h1:dKZYPXzYt0zXGm82D3YufsaMvbPTIIV5jibKUvQcl5g=
github.com/hugoinaction/hugo-debug-utils v0.0.0-20220702145907-d1ee2aca7e2f/go.mod h1:YA0Taxzbbqz9oEvtMUW/uuPRE2v93r0WPMLkWaqiuBs=
github.com/instantpage/instant.page v5.1.0+incompatible/go.mod h1:GXVDktwI+K4T9o5mcK2NYDqPFxAUrB9U9goR9oG1SaI=
github.com/wilsonify/acme-hugo-theme v0.0.0-20250921220244-ca44f118a5a6 h1:zzcVP+Xg29FFCYehLjFRcGQupa1ciBp32nykoFbLsUA=
github.com/wilsonify/acme-hugo-theme v0.0.0-20250921220244-ca44f118a5a6/go.mod h1:M4jtlP/tEdOfDDHC6cmujarw1bJLoJ5Z+Q2hrMLM8kw=
