github.com/wilsonify/eclectic-hugo-theme v0.0.0-20250920151503-05a6d50ccb57 h1:Lzb+dT/vgRh1WYxjOUlhl+TTpqjweR2ZVhKzHszLDGM=
github.com/wilsonify/eclectic-hugo-theme v0.0.0-20250920151503-05a6d50ccb57/go.mod h1:bffWsFHRdvLtSnRP6EY2qkJrLG0EBaDMd29YOB67Oxw=
github.com/wilsonify/hugo-universal-theme v0.0.0-20250920155327-de7cbadc2cce h1:s1Ykbh7qGhPkq5SFchV4K75UkXvmD6p4/SwbLltsEfE=
github.com/wilsonify/hugo-universal-theme v0.0.0-20250920155327-de7cbadc2cce/go.mod h1:SzF2OhkStwAjWFZX0NVuWBkwwxF3vghXTjSHW/ajsj0=
